
Microsoft Visual Studio Solution File, Format Version 12.00
# Visual Studio Version 17
VisualStudioVersion = 17.14.36301.6 d17.14
MinimumVisualStudioVersion = 10.0.40219.1
Project("{FAE04EC0-301F-11D3-BF4B-00C04F79EFBC}") = "Midtermtest", "Midtermtest.csproj", "{59A490B0-67D2-4AA9-A271-41CF4D518150}"
EndProject
Global
	GlobalSection(SolutionConfigurationPlatforms) = preSolution
		Debug|Any CPU = Debug|Any CPU
		Release|Any CPU = Release|Any CPU
	EndGlobalSection
	GlobalSection(ProjectConfigurationPlatforms) = postSolution
		{59A490B0-67D2-4AA9-A271-41CF4D518150}.Debug|Any CPU.ActiveCfg = Debug|Any CPU
		{59A490B0-67D2-4AA9-A271-41CF4D518150}.Debug|Any CPU.Build.0 = Debug|Any CPU
		{59A490B0-67D2-4AA9-A271-41CF4D518150}.Release|Any CPU.ActiveCfg = Release|Any CPU
		{59A490B0-67D2-4AA9-A271-41CF4D518150}.Release|Any CPU.Build.0 = Release|Any CPU
	EndGlobalSection
	GlobalSection(SolutionProperties) = preSolution
		HideSolutionNode = FALSE
	EndGlobalSection
	GlobalSection(ExtensibilityGlobals) = postSolution
		SolutionGuid = {EA239F6A-D281-4183-B145-AF930D88081C}
	EndGlobalSection
EndGlobal
